
Microsoft Visual Studio Solution File, Format Version 12.00
# Visual Studio Version 16
VisualStudioVersion = 16.0.29709.97
MinimumVisualStudioVersion = 10.0.40219.1
Project("{FAE04EC0-301F-11D3-BF4B-00C04F79EFBC}") = "Stuff", "Stuff\Stuff.csproj", "{75610A82-6B29-4EE0-8AA9-FAB84B6224B8}"
EndProject
Global
	GlobalSection(SolutionConfigurationPlatforms) = preSolution
		Debug|Any CPU = Debug|Any CPU
		Release|Any CPU = Release|Any CPU
	EndGlobalSection
	GlobalSection(ProjectConfigurationPlatforms) = postSolution
		{75610A82-6B29-4EE0-8AA9-FAB84B6224B8}.Debug|Any CPU.ActiveCfg = Debug|Any CPU
		{75610A82-6B29-4EE0-8AA9-FAB84B6224B8}.Debug|Any CPU.Build.0 = Debug|Any CPU
		{75610A82-6B29-4EE0-8AA9-FAB84B6224B8}.Release|Any CPU.ActiveCfg = Release|Any CPU
		{75610A82-6B29-4EE0-8AA9-FAB84B6224B8}.Release|Any CPU.Build.0 = Release|Any CPU
	EndGlobalSection
	GlobalSection(SolutionProperties) = preSolution
		HideSolutionNode = FALSE
	EndGlobalSection
	GlobalSection(ExtensibilityGlobals) = postSolution
		SolutionGuid = {299FA2DB-4BB3-42B7-8AC5-E902E23CE65D}
	EndGlobalSection
EndGlobal
